
Microsoft Visual Studio Solution File, Format Version 12.00
# Visual Studio Version 16
VisualStudioVersion = 16.0.29424.173
MinimumVisualStudioVersion = 10.0.40219.1
Project("{FAE04EC0-301F-11D3-BF4B-00C04F79EFBC}") = "Server", "Server\Server.csproj", "{4B63C862-7259-4B36-889D-054004F5EC09}"
EndProject
Project("{FAE04EC0-301F-11D3-BF4B-00C04F79EFBC}") = "Common", "Common\Common.csproj", "{7F061A79-80A7-4E26-88F3-19A62EC3FA78}"
EndProject
Project("{FAE04EC0-301F-11D3-BF4B-00C04F79EFBC}") = "Klijent", "Klijent\Klijent.csproj", "{6D4FD8AD-CAC8-45B7-A243-C87EB003CE72}"
EndProject
Global
	GlobalSection(SolutionConfigurationPlatforms) = preSolution
		Debug|Any CPU = Debug|Any CPU
		Release|Any CPU = Release|Any CPU
	EndGlobalSection
	GlobalSection(ProjectConfigurationPlatforms) = postSolution
		{4B63C862-7259-4B36-889D-054004F5EC09}.Debug|Any CPU.ActiveCfg = Debug|Any CPU
		{4B63C862-7259-4B36-889D-054004F5EC09}.Debug|Any CPU.Build.0 = Debug|Any CPU
		{4B63C862-7259-4B36-889D-054004F5EC09}.Release|Any CPU.ActiveCfg = Release|Any CPU
		{4B63C862-7259-4B36-889D-054004F5EC09}.Release|Any CPU.Build.0 = Release|Any CPU
		{7F061A79-80A7-4E26-88F3-19A62EC3FA78}.Debug|Any CPU.ActiveCfg = Debug|Any CPU
		{7F061A79-80A7-4E26-88F3-19A62EC3FA78}.Debug|Any CPU.Build.0 = Debug|Any CPU
		{7F061A79-80A7-4E26-88F3-19A62EC3FA78}.Release|Any CPU.ActiveCfg = Release|Any CPU
		{7F061A79-80A7-4E26-88F3-19A62EC3FA78}.Release|Any CPU.Build.0 = Release|Any CPU
		{6D4FD8AD-CAC8-45B7-A243-C87EB003CE72}.Debug|Any CPU.ActiveCfg = Debug|Any CPU
		{6D4FD8AD-CAC8-45B7-A243-C87EB003CE72}.Debug|Any CPU.Build.0 = Debug|Any CPU
		{6D4FD8AD-CAC8-45B7-A243-C87EB003CE72}.Release|Any CPU.ActiveCfg = Release|Any CPU
		{6D4FD8AD-CAC8-45B7-A243-C87EB003CE72}.Release|Any CPU.Build.0 = Release|Any CPU
	EndGlobalSection
	GlobalSection(SolutionProperties) = preSolution
		HideSolutionNode = FALSE
	EndGlobalSection
	GlobalSection(ExtensibilityGlobals) = postSolution
		SolutionGuid = {A42FD342-12D1-47F1-8585-AA8CDE00B1C6}
	EndGlobalSection
EndGlobal
